{
  "name": "miniprogram-12",
  "version": "1.0.0",
  "lockfileVersion": 2,
  "requires": true,
  "packages": {
    "": {
      "name": "miniprogram-12",
      "version": "1.0.0",
      "license": "ISC",
      "dependencies": {
        "@vant/weapp": "^1.10.10"
      }
    },
    "node_modules/@vant/weapp": {
      "version": "1.10.10",
      "resolved": "https://registry.npmmirror.com/@vant/weapp/-/weapp-1.10.10.tgz",
      "integrity": "sha512-rNE38/xO/GChOAlFjSx8lg/h3y3/hCwSk/G6RypOlLGqX69vfwS/+W/plziIOpY9z3VffxmOkacxQTrwfVw1VA=="
    }
  },
  "dependencies": {
    "@vant/weapp": {
      "version": "1.10.10",
      "resolved": "https://registry.npmmirror.com/@vant/weapp/-/weapp-1.10.10.tgz",
      "integrity": "sha512-rNE38/xO/GChOAlFjSx8lg/h3y3/hCwSk/G6RypOlLGqX69vfwS/+W/plziIOpY9z3VffxmOkacxQTrwfVw1VA=="
    }
  }
}
