{
  "name": "mall",
  "version": "1.0.0",
  "lockfileVersion": 2,
  "requires": true,
  "packages": {
    "": {
      "name": "mall",
      "version": "1.0.0",
      "license": "ISC",
      "dependencies": {
        "@vant/weapp": "^1.10.8",
        "apifm-wxapi": "^3.61.0"
      }
    },
    "node_modules/@vant/weapp": {
      "version": "1.10.8",
      "resolved": "https://registry.npmjs.org/@vant/weapp/-/weapp-1.10.8.tgz",
      "integrity": "sha512-/6w9U5UclF50ORqM2C9vo+oB5+PCOuLGpNI3cxYL1z0xWqPYratitLRhQx53Qo6k1I45Ri8DYGCb7C0qSKB/xg=="
    },
    "node_modules/apifm-wxapi": {
      "version": "3.61.0",
      "resolved": "https://registry.npmjs.org/apifm-wxapi/-/apifm-wxapi-3.61.0.tgz",
      "integrity": "sha512-1dPZDgyoad/6k98s3nZeiLTHWmU0I2CfHpf6fV2DHnSQlCqpoYFprSq1zwnjWKz8L99PKa1tFst0jw6KK/XCeQ=="
    }
  },
  "dependencies": {
    "@vant/weapp": {
      "version": "1.10.8",
      "resolved": "https://registry.npmjs.org/@vant/weapp/-/weapp-1.10.8.tgz",
      "integrity": "sha512-/6w9U5UclF50ORqM2C9vo+oB5+PCOuLGpNI3cxYL1z0xWqPYratitLRhQx53Qo6k1I45Ri8DYGCb7C0qSKB/xg=="
    },
    "apifm-wxapi": {
      "version": "3.61.0",
      "resolved": "https://registry.npmjs.org/apifm-wxapi/-/apifm-wxapi-3.61.0.tgz",
      "integrity": "sha512-1dPZDgyoad/6k98s3nZeiLTHWmU0I2CfHpf6fV2DHnSQlCqpoYFprSq1zwnjWKz8L99PKa1tFst0jw6KK/XCeQ=="
    }
  }
}
